
Microsoft Visual Studio Solution File, Format Version 12.00
# Visual Studio Version 17
VisualStudioVersion = 17.1.32421.90
MinimumVisualStudioVersion = 10.0.40219.1
Project("{FAE04EC0-301F-11D3-BF4B-00C04F79EFBC}") = "Summator", "Summator\Summator.csproj", "{5BAC68D2-ED20-4AAC-BE5D-ED7BEB80EB45}"
EndProject
Project("{FAE04EC0-301F-11D3-BF4B-00C04F79EFBC}") = "Summator.Tests", "Summator.Tests\Summator.Tests.csproj", "{2AE619F5-03B2-479A-A10D-BB3A67946BD2}"
EndProject
Global
	GlobalSection(SolutionConfigurationPlatforms) = preSolution
		Debug|Any CPU = Debug|Any CPU
		Release|Any CPU = Release|Any CPU
	EndGlobalSection
	GlobalSection(ProjectConfigurationPlatforms) = postSolution
		{5BAC68D2-ED20-4AAC-BE5D-ED7BEB80EB45}.Debug|Any CPU.ActiveCfg = Debug|Any CPU
		{5BAC68D2-ED20-4AAC-BE5D-ED7BEB80EB45}.Debug|Any CPU.Build.0 = Debug|Any CPU
		{5BAC68D2-ED20-4AAC-BE5D-ED7BEB80EB45}.Release|Any CPU.ActiveCfg = Release|Any CPU
		{5BAC68D2-ED20-4AAC-BE5D-ED7BEB80EB45}.Release|Any CPU.Build.0 = Release|Any CPU
		{2AE619F5-03B2-479A-A10D-BB3A67946BD2}.Debug|Any CPU.ActiveCfg = Debug|Any CPU
		{2AE619F5-03B2-479A-A10D-BB3A67946BD2}.Debug|Any CPU.Build.0 = Debug|Any CPU
		{2AE619F5-03B2-479A-A10D-BB3A67946BD2}.Release|Any CPU.ActiveCfg = Release|Any CPU
		{2AE619F5-03B2-479A-A10D-BB3A67946BD2}.Release|Any CPU.Build.0 = Release|Any CPU
	EndGlobalSection
	GlobalSection(SolutionProperties) = preSolution
		HideSolutionNode = FALSE
	EndGlobalSection
	GlobalSection(ExtensibilityGlobals) = postSolution
		SolutionGuid = {6E4728B1-1B89-4853-91E2-ABA37EB088C8}
	EndGlobalSection
EndGlobal
